// !$*UTF8*$!
{
	archiveVersion = 1;
	classes = {
	};
	objectVersion = 56;
	objects = {

/* Begin PBXBuildFile section */
		002B9DEB29AFD6E10069FA3C /* NetworkManager.swift in Sources */ = {isa = PBXBuildFile; fileRef = 002B9DEA29AFD6E10069FA3C /* NetworkManager.swift */; };
		00BAD29F299FA9CF009EEB0D /* AppDelegate.swift in Sources */ = {isa = PBXBuildFile; fileRef = 00BAD29E299FA9CF009EEB0D /* AppDelegate.swift */; };
		00BAD2A1299FA9CF009EEB0D /* SceneDelegate.swift in Sources */ = {isa = PBXBuildFile; fileRef = 00BAD2A0299FA9CF009EEB0D /* SceneDelegate.swift */; };
		00BAD2A8299FA9D3009EEB0D /* Assets.xcassets in Resources */ = {isa = PBXBuildFile; fileRef = 00BAD2A7299FA9D3009EEB0D /* Assets.xcassets */; };
		00BAD2AB299FA9D3009EEB0D /* LaunchScreen.storyboard in Resources */ = {isa = PBXBuildFile; fileRef = 00BAD2A9299FA9D3009EEB0D /* LaunchScreen.storyboard */; };
		00BAD2B8299FABFA009EEB0D /* NewsData.swift in Sources */ = {isa = PBXBuildFile; fileRef = 00BAD2B7299FABFA009EEB0D /* NewsData.swift */; };
		00BAD2BB299FAC13009EEB0D /* NewsViewController.swift in Sources */ = {isa = PBXBuildFile; fileRef = 00BAD2B9299FAC13009EEB0D /* NewsViewController.swift */; };
		00BAD2BC299FAC13009EEB0D /* NewsViewController.xib in Resources */ = {isa = PBXBuildFile; fileRef = 00BAD2BA299FAC13009EEB0D /* NewsViewController.xib */; };
		00BAD2BE299FAC28009EEB0D /* NewsPresenter.swift in Sources */ = {isa = PBXBuildFile; fileRef = 00BAD2BD299FAC28009EEB0D /* NewsPresenter.swift */; };
/* End PBXBuildFile section */

/* Begin PBXFileReference section */
		002B9DEA29AFD6E10069FA3C /* NetworkManager.swift */ = {isa = PBXFileReference; lastKnownFileType = sourcecode.swift; path = NetworkManager.swift; sourceTree = "<group>"; };
		00BAD29B299FA9CF009EEB0D /* News-App.app */ = {isa = PBXFileReference; explicitFileType = wrapper.application; includeInIndex = 0; path = "News-App.app"; sourceTree = BUILT_PRODUCTS_DIR; };
		00BAD29E299FA9CF009EEB0D /* AppDelegate.swift */ = {isa = PBXFileReference; lastKnownFileType = sourcecode.swift; path = AppDelegate.swift; sourceTree = "<group>"; };
		00BAD2A0299FA9CF009EEB0D /* SceneDelegate.swift */ = {isa = PBXFileReference; lastKnownFileType = sourcecode.swift; path = SceneDelegate.swift; sourceTree = "<group>"; };
		00BAD2A7299FA9D3009EEB0D /* Assets.xcassets */ = {isa = PBXFileReference; lastKnownFileType = folder.assetcatalog; path = Assets.xcassets; sourceTree = "<group>"; };
		00BAD2AA299FA9D3009EEB0D /* Base */ = {isa = PBXFileReference; lastKnownFileType = file.storyboard; name = Base; path = Base.lproj/LaunchScreen.storyboard; sourceTree = "<group>"; };
		00BAD2AC299FA9D3009EEB0D /* Info.plist */ = {isa = PBXFileReference; lastKnownFileType = text.plist.xml; path = Info.plist; sourceTree = "<group>"; };
		00BAD2B7299FABFA009EEB0D /* NewsData.swift */ = {isa = PBXFileReference; lastKnownFileType = sourcecode.swift; path = NewsData.swift; sourceTree = "<group>"; };
		00BAD2B9299FAC13009EEB0D /* NewsViewController.swift */ = {isa = PBXFileReference; lastKnownFileType = sourcecode.swift; path = NewsViewController.swift; sourceTree = "<group>"; };
		00BAD2BA299FAC13009EEB0D /* NewsViewController.xib */ = {isa = PBXFileReference; lastKnownFileType = file.xib; path = NewsViewController.xib; sourceTree = "<group>"; };
		00BAD2BD299FAC28009EEB0D /* NewsPresenter.swift */ = {isa = PBXFileReference; lastKnownFileType = sourcecode.swift; path = NewsPresenter.swift; sourceTree = "<group>"; };
/* End PBXFileReference section */

/* Begin PBXFrameworksBuildPhase section */
		00BAD298299FA9CF009EEB0D /* Frameworks */ = {
			isa = PBXFrameworksBuildPhase;
			buildActionMask = 2147483647;
			files = (
			);
			runOnlyForDeploymentPostprocessing = 0;
		};
/* End PBXFrameworksBuildPhase section */

/* Begin PBXGroup section */
		002B9DE929AFD6C40069FA3C /* NetworkManager */ = {
			isa = PBXGroup;
			children = (
				002B9DEA29AFD6E10069FA3C /* NetworkManager.swift */,
			);
			path = NetworkManager;
			sourceTree = "<group>";
		};
		00BAD292299FA9CF009EEB0D = {
			isa = PBXGroup;
			children = (
				00BAD29D299FA9CF009EEB0D /* News-App */,
				00BAD29C299FA9CF009EEB0D /* Products */,
			);
			sourceTree = "<group>";
		};
		00BAD29C299FA9CF009EEB0D /* Products */ = {
			isa = PBXGroup;
			children = (
				00BAD29B299FA9CF009EEB0D /* News-App.app */,
			);
			name = Products;
			sourceTree = "<group>";
		};
		00BAD29D299FA9CF009EEB0D /* News-App */ = {
			isa = PBXGroup;
			children = (
				002B9DE929AFD6C40069FA3C /* NetworkManager */,
				00BAD2B2299FAB96009EEB0D /* NewsModule */,
				00BAD29E299FA9CF009EEB0D /* AppDelegate.swift */,
				00BAD2A0299FA9CF009EEB0D /* SceneDelegate.swift */,
				00BAD2A7299FA9D3009EEB0D /* Assets.xcassets */,
				00BAD2A9299FA9D3009EEB0D /* LaunchScreen.storyboard */,
				00BAD2AC299FA9D3009EEB0D /* Info.plist */,
			);
			path = "News-App";
			sourceTree = "<group>";
		};
		00BAD2B2299FAB96009EEB0D /* NewsModule */ = {
			isa = PBXGroup;
			children = (
				00BAD2B6299FABC4009EEB0D /* Model */,
				00BAD2B5299FABB8009EEB0D /* View */,
				00BAD2B4299FABAD009EEB0D /* Presenter */,
			);
			path = NewsModule;
			sourceTree = "<group>";
		};
		00BAD2B4299FABAD009EEB0D /* Presenter */ = {
			isa = PBXGroup;
			children = (
				00BAD2BD299FAC28009EEB0D /* NewsPresenter.swift */,
			);
			path = Presenter;
			sourceTree = "<group>";
		};
		00BAD2B5299FABB8009EEB0D /* View */ = {
			isa = PBXGroup;
			children = (
				00BAD2B9299FAC13009EEB0D /* NewsViewController.swift */,
				00BAD2BA299FAC13009EEB0D /* NewsViewController.xib */,
			);
			path = View;
			sourceTree = "<group>";
		};
		00BAD2B6299FABC4009EEB0D /* Model */ = {
			isa = PBXGroup;
			children = (
				00BAD2B7299FABFA009EEB0D /* NewsData.swift */,
			);
			path = Model;
			sourceTree = "<group>";
		};
/* End PBXGroup section */

/* Begin PBXNativeTarget section */
		00BAD29A299FA9CF009EEB0D /* News-App */ = {
			isa = PBXNativeTarget;
			buildConfigurationList = 00BAD2AF299FA9D3009EEB0D /* Build configuration list for PBXNativeTarget "News-App" */;
			buildPhases = (
				00BAD297299FA9CF009EEB0D /* Sources */,
				00BAD298299FA9CF009EEB0D /* Frameworks */,
				00BAD299299FA9CF009EEB0D /* Resources */,
			);
			buildRules = (
			);
			dependencies = (
			);
			name = "News-App";
			productName = "News-App";
			productReference = 00BAD29B299FA9CF009EEB0D /* News-App.app */;
			productType = "com.apple.product-type.application";
		};
/* End PBXNativeTarget section */

/* Begin PBXProject section */
		00BAD293299FA9CF009EEB0D /* Project object */ = {
			isa = PBXProject;
			attributes = {
				BuildIndependentTargetsInParallel = 1;
				LastSwiftUpdateCheck = 1420;
				LastUpgradeCheck = 1420;
				TargetAttributes = {
					00BAD29A299FA9CF009EEB0D = {
						CreatedOnToolsVersion = 14.2;
					};
				};
			};
			buildConfigurationList = 00BAD296299FA9CF009EEB0D /* Build configuration list for PBXProject "News-App" */;
			compatibilityVersion = "Xcode 14.0";
			developmentRegion = en;
			hasScannedForEncodings = 0;
			knownRegions = (
				en,
				Base,
			);
			mainGroup = 00BAD292299FA9CF009EEB0D;
			productRefGroup = 00BAD29C299FA9CF009EEB0D /* Products */;
			projectDirPath = "";
			projectRoot = "";
			targets = (
				00BAD29A299FA9CF009EEB0D /* News-App */,
			);
		};
/* End PBXProject section */

/* Begin PBXResourcesBuildPhase section */
		00BAD299299FA9CF009EEB0D /* Resources */ = {
			isa = PBXResourcesBuildPhase;
			buildActionMask = 2147483647;
			files = (
				00BAD2AB299FA9D3009EEB0D /* LaunchScreen.storyboard in Resources */,
				00BAD2A8299FA9D3009EEB0D /* Assets.xcassets in Resources */,
				00BAD2BC299FAC13009EEB0D /* NewsViewController.xib in Resources */,
			);
			runOnlyForDeploymentPostprocessing = 0;
		};
/* End PBXResourcesBuildPhase section */

/* Begin PBXSourcesBuildPhase section */
		00BAD297299FA9CF009EEB0D /* Sources */ = {
			isa = PBXSourcesBuildPhase;
			buildActionMask = 2147483647;
			files = (
				002B9DEB29AFD6E10069FA3C /* NetworkManager.swift in Sources */,
				00BAD2B8299FABFA009EEB0D /* NewsData.swift in Sources */,
				00BAD29F299FA9CF009EEB0D /* AppDelegate.swift in Sources */,
				00BAD2BE299FAC28009EEB0D /* NewsPresenter.swift in Sources */,
				00BAD2A1299FA9CF009EEB0D /* SceneDelegate.swift in Sources */,
				00BAD2BB299FAC13009EEB0D /* NewsViewController.swift in Sources */,
			);
			runOnlyForDeploymentPostprocessing = 0;
		};
/* End PBXSourcesBuildPhase section */

/* Begin PBXVariantGroup section */
		00BAD2A9299FA9D3009EEB0D /* LaunchScreen.storyboard */ = {
			isa = PBXVariantGroup;
			children = (
				00BAD2AA299FA9D3009EEB0D /* Base */,
			);
			name = LaunchScreen.storyboard;
			sourceTree = "<group>";
		};
/* End PBXVariantGroup section */

/* Begin XCBuildConfiguration section */
		00BAD2AD299FA9D3009EEB0D /* Debug */ = {
			isa = XCBuildConfiguration;
			buildSettings = {
				ALWAYS_SEARCH_USER_PATHS = NO;
				CLANG_ANALYZER_NONNULL = YES;
				CLANG_ANALYZER_NUMBER_OBJECT_CONVERSION = YES_AGGRESSIVE;
				CLANG_CXX_LANGUAGE_STANDARD = "gnu++20";
				CLANG_ENABLE_MODULES = YES;
				CLANG_ENABLE_OBJC_ARC = YES;
				CLANG_ENABLE_OBJC_WEAK = YES;
				CLANG_WARN_BLOCK_CAPTURE_AUTORELEASING = YES;
				CLANG_WARN_BOOL_CONVERSION = YES;
				CLANG_WARN_COMMA = YES;
				CLANG_WARN_CONSTANT_CONVERSION = YES;
				CLANG_WARN_DEPRECATED_OBJC_IMPLEMENTATIONS = YES;
				CLANG_WARN_DIRECT_OBJC_ISA_USAGE = YES_ERROR;
				CLANG_WARN_DOCUMENTATION_COMMENTS = YES;
				CLANG_WARN_EMPTY_BODY = YES;
				CLANG_WARN_ENUM_CONVERSION = YES;
				CLANG_WARN_INFINITE_RECURSION = YES;
				CLANG_WARN_INT_CONVERSION = YES;
				CLANG_WARN_NON_LITERAL_NULL_CONVERSION = YES;
				CLANG_WARN_OBJC_IMPLICIT_RETAIN_SELF = YES;
				CLANG_WARN_OBJC_LITERAL_CONVERSION = YES;
				CLANG_WARN_OBJC_ROOT_CLASS = YES_ERROR;
				CLANG_WARN_QUOTED_INCLUDE_IN_FRAMEWORK_HEADER = YES;
				CLANG_WARN_RANGE_LOOP_ANALYSIS = YES;
				CLANG_WARN_STRICT_PROTOTYPES = YES;
				CLANG_WARN_SUSPICIOUS_MOVE = YES;
				CLANG_WARN_UNGUARDED_AVAILABILITY = YES_AGGRESSIVE;
				CLANG_WARN_UNREACHABLE_CODE = YES;
				CLANG_WARN__DUPLICATE_METHOD_MATCH = YES;
				COPY_PHASE_STRIP = NO;
				DEBUG_INFORMATION_FORMAT = dwarf;
				ENABLE_STRICT_OBJC_MSGSEND = YES;
				ENABLE_TESTABILITY = YES;
				GCC_C_LANGUAGE_STANDARD = gnu11;
				GCC_DYNAMIC_NO_PIC = NO;
				GCC_NO_COMMON_BLOCKS = YES;
				GCC_OPTIMIZATION_LEVEL = 0;
				GCC_PREPROCESSOR_DEFINITIONS = (
					"DEBUG=1",
					"$(inherited)",
				);
				GCC_WARN_64_TO_32_BIT_CONVERSION = YES;
				GCC_WARN_ABOUT_RETURN_TYPE = YES_ERROR;
				GCC_WARN_UNDECLARED_SELECTOR = YES;
				GCC_WARN_UNINITIALIZED_AUTOS = YES_AGGRESSIVE;
				GCC_WARN_UNUSED_FUNCTION = YES;
				GCC_WARN_UNUSED_VARIABLE = YES;
				IPHONEOS_DEPLOYMENT_TARGET = 16.2;
				MTL_ENABLE_DEBUG_INFO = INCLUDE_SOURCE;
				MTL_FAST_MATH = YES;
				ONLY_ACTIVE_ARCH = YES;
				SDKROOT = iphoneos;
				SWIFT_ACTIVE_COMPILATION_CONDITIONS = DEBUG;
				SWIFT_OPTIMIZATION_LEVEL = "-Onone";
			};
			name = Debug;
		};
		00BAD2AE299FA9D3009EEB0D /* Release */ = {
			isa = XCBuildConfiguration;
			buildSettings = {
				ALWAYS_SEARCH_USER_PATHS = NO;
				CLANG_ANALYZER_NONNULL = YES;
				CLANG_ANALYZER_NUMBER_OBJECT_CONVERSION = YES_AGGRESSIVE;
				CLANG_CXX_LANGUAGE_STANDARD = "gnu++20";
				CLANG_ENABLE_MODULES = YES;
				CLANG_ENABLE_OBJC_ARC = YES;
				CLANG_ENABLE_OBJC_WEAK = YES;
				CLANG_WARN_BLOCK_CAPTURE_AUTORELEASING = YES;
				CLANG_WARN_BOOL_CONVERSION = YES;
				CLANG_WARN_COMMA = YES;
				CLANG_WARN_CONSTANT_CONVERSION = YES;
				CLANG_WARN_DEPRECATED_OBJC_IMPLEMENTATIONS = YES;
				CLANG_WARN_DIRECT_OBJC_ISA_USAGE = YES_ERROR;
				CLANG_WARN_DOCUMENTATION_COMMENTS = YES;
				CLANG_WARN_EMPTY_BODY = YES;
				CLANG_WARN_ENUM_CONVERSION = YES;
				CLANG_WARN_INFINITE_RECURSION = YES;
				CLANG_WARN_INT_CONVERSION = YES;
				CLANG_WARN_NON_LITERAL_NULL_CONVERSION = YES;
				CLANG_WARN_OBJC_IMPLICIT_RETAIN_SELF = YES;
				CLANG_WARN_OBJC_LITERAL_CONVERSION = YES;
				CLANG_WARN_OBJC_ROOT_CLASS = YES_ERROR;
				CLANG_WARN_QUOTED_INCLUDE_IN_FRAMEWORK_HEADER = YES;
				CLANG_WARN_RANGE_LOOP_ANALYSIS = YES;
				CLANG_WARN_STRICT_PROTOTYPES = YES;
				CLANG_WARN_SUSPICIOUS_MOVE = YES;
				CLANG_WARN_UNGUARDED_AVAILABILITY = YES_AGGRESSIVE;
				CLANG_WARN_UNREACHABLE_CODE = YES;
				CLANG_WARN__DUPLICATE_METHOD_MATCH = YES;
				COPY_PHASE_STRIP = NO;
				DEBUG_INFORMATION_FORMAT = "dwarf-with-dsym";
				ENABLE_NS_ASSERTIONS = NO;
				ENABLE_STRICT_OBJC_MSGSEND = YES;
				GCC_C_LANGUAGE_STANDARD = gnu11;
				GCC_NO_COMMON_BLOCKS = YES;
				GCC_WARN_64_TO_32_BIT_CONVERSION = YES;
				GCC_WARN_ABOUT_RETURN_TYPE = YES_ERROR;
				GCC_WARN_UNDECLARED_SELECTOR = YES;
				GCC_WARN_UNINITIALIZED_AUTOS = YES_AGGRESSIVE;
				GCC_WARN_UNUSED_FUNCTION = YES;
				GCC_WARN_UNUSED_VARIABLE = YES;
				IPHONEOS_DEPLOYMENT_TARGET = 16.2;
				MTL_ENABLE_DEBUG_INFO = NO;
				MTL_FAST_MATH = YES;
				SDKROOT = iphoneos;
				SWIFT_COMPILATION_MODE = wholemodule;
				SWIFT_OPTIMIZATION_LEVEL = "-O";
				VALIDATE_PRODUCT = YES;
			};
			name = Release;
		};
		00BAD2B0299FA9D3009EEB0D /* Debug */ = {
			isa = XCBuildConfiguration;
			buildSettings = {
				ASSETCATALOG_COMPILER_APPICON_NAME = AppIcon;
				ASSETCATALOG_COMPILER_GLOBAL_ACCENT_COLOR_NAME = AccentColor;
				CODE_SIGN_STYLE = Automatic;
				CURRENT_PROJECT_VERSION = 1;
				DEVELOPMENT_TEAM = W53XBDB7TW;
				GENERATE_INFOPLIST_FILE = YES;
				INFOPLIST_FILE = "News-App/Info.plist";
				INFOPLIST_KEY_UIApplicationSupportsIndirectInputEvents = YES;
				INFOPLIST_KEY_UILaunchStoryboardName = LaunchScreen;
				INFOPLIST_KEY_UISupportedInterfaceOrientations = UIInterfaceOrientationPortrait;
				INFOPLIST_KEY_UISupportedInterfaceOrientations_iPad = "UIInterfaceOrientationLandscapeLeft UIInterfaceOrientationLandscapeRight UIInterfaceOrientationPortrait UIInterfaceOrientationPortraitUpsideDown";
				IPHONEOS_DEPLOYMENT_TARGET = 14.0;
				LD_RUNPATH_SEARCH_PATHS = (
					"$(inherited)",
					"@executable_path/Frameworks",
				);
				MARKETING_VERSION = 1.0;
				PRODUCT_BUNDLE_IDENTIFIER = "com.prostoroff.News-App";
				PRODUCT_NAME = "$(TARGET_NAME)";
				SUPPORTED_PLATFORMS = "iphoneos iphonesimulator";
				SUPPORTS_MACCATALYST = NO;
				SUPPORTS_MAC_DESIGNED_FOR_IPHONE_IPAD = NO;
				SWIFT_EMIT_LOC_STRINGS = YES;
				SWIFT_VERSION = 5.0;
				TARGETED_DEVICE_FAMILY = 1;
			};
			name = Debug;
		};
		00BAD2B1299FA9D3009EEB0D /* Release */ = {
			isa = XCBuildConfiguration;
			buildSettings = {
				ASSETCATALOG_COMPILER_APPICON_NAME = AppIcon;
				ASSETCATALOG_COMPILER_GLOBAL_ACCENT_COLOR_NAME = AccentColor;
				CODE_SIGN_STYLE = Automatic;
				CURRENT_PROJECT_VERSION = 1;
				DEVELOPMENT_TEAM = W53XBDB7TW;
				GENERATE_INFOPLIST_FILE = YES;
				INFOPLIST_FILE = "News-App/Info.plist";
				INFOPLIST_KEY_UIApplicationSupportsIndirectInputEvents = YES;
				INFOPLIST_KEY_UILaunchStoryboardName = LaunchScreen;
				INFOPLIST_KEY_UISupportedInterfaceOrientations = UIInterfaceOrientationPortrait;
				INFOPLIST_KEY_UISupportedInterfaceOrientations_iPad = "UIInterfaceOrientationLandscapeLeft UIInterfaceOrientationLandscapeRight UIInterfaceOrientationPortrait UIInterfaceOrientationPortraitUpsideDown";
				IPHONEOS_DEPLOYMENT_TARGET = 14.0;
				LD_RUNPATH_SEARCH_PATHS = (
					"$(inherited)",
					"@executable_path/Frameworks",
				);
				MARKETING_VERSION = 1.0;
				PRODUCT_BUNDLE_IDENTIFIER = "com.prostoroff.News-App";
				PRODUCT_NAME = "$(TARGET_NAME)";
				SUPPORTED_PLATFORMS = "iphoneos iphonesimulator";
				SUPPORTS_MACCATALYST = NO;
				SUPPORTS_MAC_DESIGNED_FOR_IPHONE_IPAD = NO;
				SWIFT_EMIT_LOC_STRINGS = YES;
				SWIFT_VERSION = 5.0;
				TARGETED_DEVICE_FAMILY = 1;
			};
			name = Release;
		};
/* End XCBuildConfiguration section */

/* Begin XCConfigurationList section */
		00BAD296299FA9CF009EEB0D /* Build configuration list for PBXProject "News-App" */ = {
			isa = XCConfigurationList;
			buildConfigurations = (
				00BAD2AD299FA9D3009EEB0D /* Debug */,
				00BAD2AE299FA9D3009EEB0D /* Release */,
			);
			defaultConfigurationIsVisible = 0;
			defaultConfigurationName = Release;
		};
		00BAD2AF299FA9D3009EEB0D /* Build configuration list for PBXNativeTarget "News-App" */ = {
			isa = XCConfigurationList;
			buildConfigurations = (
				00BAD2B0299FA9D3009EEB0D /* Debug */,
				00BAD2B1299FA9D3009EEB0D /* Release */,
			);
			defaultConfigurationIsVisible = 0;
			defaultConfigurationName = Release;
		};
/* End XCConfigurationList section */
	};
	rootObject = 00BAD293299FA9CF009EEB0D /* Project object */;
}
